
Microsoft Visual Studio Solution File, Format Version 12.00
# Visual Studio Version 17
VisualStudioVersion = 17.7.34202.233
MinimumVisualStudioVersion = 10.0.40219.1
Project("{FAE04EC0-301F-11D3-BF4B-00C04F79EFBC}") = "CIS153_01-23-2024_ButtonsAndLabels", "CIS153_01-23-2024_ButtonsAndLabels\CIS153_01-23-2024_ButtonsAndLabels.csproj", "{C139E8CF-81B5-4C23-8ADE-3022B69CD774}"
EndProject
Global
	GlobalSection(SolutionConfigurationPlatforms) = preSolution
		Debug|Any CPU = Debug|Any CPU
		Release|Any CPU = Release|Any CPU
	EndGlobalSection
	GlobalSection(ProjectConfigurationPlatforms) = postSolution
		{C139E8CF-81B5-4C23-8ADE-3022B69CD774}.Debug|Any CPU.ActiveCfg = Debug|Any CPU
		{C139E8CF-81B5-4C23-8ADE-3022B69CD774}.Debug|Any CPU.Build.0 = Debug|Any CPU
		{C139E8CF-81B5-4C23-8ADE-3022B69CD774}.Release|Any CPU.ActiveCfg = Release|Any CPU
		{C139E8CF-81B5-4C23-8ADE-3022B69CD774}.Release|Any CPU.Build.0 = Release|Any CPU
	EndGlobalSection
	GlobalSection(SolutionProperties) = preSolution
		HideSolutionNode = FALSE
	EndGlobalSection
	GlobalSection(ExtensibilityGlobals) = postSolution
		SolutionGuid = {F63892DC-B38F-459E-ABF6-A02D7B7B5B13}
	EndGlobalSection
EndGlobal
